
Microsoft Visual Studio Solution File, Format Version 11.00
# Visual Studio 2010
Project("{FAE04EC0-301F-11D3-BF4B-00C04F79EFBC}") = "JCJ-software core", "Assembly-CSharp.csproj", "{EC42560A-08D3-8F91-DDE4-F52BCC7533E1}"
EndProject
Project("{4D3D7672-E3FC-F4C2-1662-6F5617DA77F0}") = "JCJ-software core", "Assembly-UnityScript.unityproj", "{269ACCF8-EF9D-405C-72CE-999DDD049E55}"
EndProject
Global
	GlobalSection(SolutionConfigurationPlatforms) = preSolution
		Debug|Any CPU = Debug|Any CPU
		Release|Any CPU = Release|Any CPU
	EndGlobalSection
	GlobalSection(ProjectConfigurationPlatforms) = postSolution
		{EC42560A-08D3-8F91-DDE4-F52BCC7533E1}.Debug|Any CPU.ActiveCfg = Debug|Any CPU
		{EC42560A-08D3-8F91-DDE4-F52BCC7533E1}.Debug|Any CPU.Build.0 = Debug|Any CPU
		{EC42560A-08D3-8F91-DDE4-F52BCC7533E1}.Release|Any CPU.ActiveCfg = Release|Any CPU
		{EC42560A-08D3-8F91-DDE4-F52BCC7533E1}.Release|Any CPU.Build.0 = Release|Any CPU
		{269ACCF8-EF9D-405C-72CE-999DDD049E55}.Debug|Any CPU.ActiveCfg = Debug|Any CPU
		{269ACCF8-EF9D-405C-72CE-999DDD049E55}.Debug|Any CPU.Build.0 = Debug|Any CPU
		{269ACCF8-EF9D-405C-72CE-999DDD049E55}.Release|Any CPU.ActiveCfg = Release|Any CPU
		{269ACCF8-EF9D-405C-72CE-999DDD049E55}.Release|Any CPU.Build.0 = Release|Any CPU
	EndGlobalSection
	GlobalSection(SolutionProperties) = preSolution
		HideSolutionNode = FALSE
	EndGlobalSection
	GlobalSection(MonoDevelopProperties) = preSolution
		StartupItem = Assembly-CSharp.csproj
	EndGlobalSection
EndGlobal
